
Microsoft Visual Studio Solution File, Format Version 11.00
# Visual Studio 2010
Project("{FAE04EC0-301F-11D3-BF4B-00C04F79EFBC}") = "Assignment02", "Assembly-CSharp.csproj", "{B8C49AC1-26B4-6F79-1853-4839C876E00A}"
EndProject
Global
	GlobalSection(SolutionConfigurationPlatforms) = preSolution
		Debug|Any CPU = Debug|Any CPU
		Release|Any CPU = Release|Any CPU
	EndGlobalSection
	GlobalSection(ProjectConfigurationPlatforms) = postSolution
		{B8C49AC1-26B4-6F79-1853-4839C876E00A}.Debug|Any CPU.ActiveCfg = Debug|Any CPU
		{B8C49AC1-26B4-6F79-1853-4839C876E00A}.Debug|Any CPU.Build.0 = Debug|Any CPU
		{B8C49AC1-26B4-6F79-1853-4839C876E00A}.Release|Any CPU.ActiveCfg = Release|Any CPU
		{B8C49AC1-26B4-6F79-1853-4839C876E00A}.Release|Any CPU.Build.0 = Release|Any CPU
	EndGlobalSection
	GlobalSection(SolutionProperties) = preSolution
		HideSolutionNode = FALSE
	EndGlobalSection
	GlobalSection(MonoDevelopProperties) = preSolution
		StartupItem = Assembly-CSharp.csproj
	EndGlobalSection
EndGlobal
